
Microsoft Visual Studio Solution File, Format Version 12.00
# Visual Studio Version 16
VisualStudioVersion = 16.6.30114.105
MinimumVisualStudioVersion = 10.0.40219.1
Project("{FAE04EC0-301F-11D3-BF4B-00C04F79EFBC}") = "Penguin.Cms.Communication.Local", "Penguin.Cms.Communication.Local.csproj", "{7215721C-2AB1-47E2-9803-335D52C52FBA}"
EndProject
Project("{FAE04EC0-301F-11D3-BF4B-00C04F79EFBC}") = "Penguin.Cms.Entities.Local", "..\Penguin.Cms.Entities\Penguin.Cms.Entities.Local.csproj", "{8F96A1BB-200D-4690-B214-63D19984E292}"
EndProject
Project("{FAE04EC0-301F-11D3-BF4B-00C04F79EFBC}") = "Penguin.Persistence.Abstractions.Local", "..\Penguin.Persistence.Abstractions\Penguin.Persistence.Abstractions.Local.csproj", "{FA3C9A20-1E58-41A7-A198-9B919C602F7F}"
EndProject
Project("{FAE04EC0-301F-11D3-BF4B-00C04F79EFBC}") = "Penguin.Entities.Abstractions.Local", "..\Penguin.Entities.Abstractions\Penguin.Entities.Abstractions.Local.csproj", "{F6AFE4AF-B9CD-4189-8D62-7A852F1844D0}"
EndProject
Project("{FAE04EC0-301F-11D3-BF4B-00C04F79EFBC}") = "Penguin.Reflection.Extensions.Local", "..\Penguin.Reflection.Extensions\Penguin.Reflection.Extensions.Local.csproj", "{4D4B7F5F-A71C-4032-9A1C-AD94ADE1E3D6}"
EndProject
Project("{FAE04EC0-301F-11D3-BF4B-00C04F79EFBC}") = "Penguin.Reflection.Abstractions.Local", "..\Penguin.Reflection.Abstractions\Penguin.Reflection.Abstractions.Local.csproj", "{E06932D7-C39E-4145-9169-4D1DBE31FD34}"
EndProject
Project("{FAE04EC0-301F-11D3-BF4B-00C04F79EFBC}") = "Penguin.Extensions.String.Local", "..\Penguin.Extensions.String\Penguin.Extensions.String.Local.csproj", "{F6639E64-F177-4A31-AEEF-B36440685271}"
EndProject
Global
	GlobalSection(SolutionConfigurationPlatforms) = preSolution
		Debug|Any CPU = Debug|Any CPU
		Debug|x64 = Debug|x64
		Debug|x86 = Debug|x86
		Release|Any CPU = Release|Any CPU
		Release|x64 = Release|x64
		Release|x86 = Release|x86
	EndGlobalSection
	GlobalSection(SolutionProperties) = preSolution
		HideSolutionNode = FALSE
	EndGlobalSection
	GlobalSection(ProjectConfigurationPlatforms) = postSolution
		{7215721C-2AB1-47E2-9803-335D52C52FBA}.Debug|Any CPU.ActiveCfg = Debug|Any CPU
		{7215721C-2AB1-47E2-9803-335D52C52FBA}.Debug|Any CPU.Build.0 = Debug|Any CPU
		{7215721C-2AB1-47E2-9803-335D52C52FBA}.Debug|x64.ActiveCfg = Debug|Any CPU
		{7215721C-2AB1-47E2-9803-335D52C52FBA}.Debug|x64.Build.0 = Debug|Any CPU
		{7215721C-2AB1-47E2-9803-335D52C52FBA}.Debug|x86.ActiveCfg = Debug|Any CPU
		{7215721C-2AB1-47E2-9803-335D52C52FBA}.Debug|x86.Build.0 = Debug|Any CPU
		{7215721C-2AB1-47E2-9803-335D52C52FBA}.Release|Any CPU.ActiveCfg = Release|Any CPU
		{7215721C-2AB1-47E2-9803-335D52C52FBA}.Release|Any CPU.Build.0 = Release|Any CPU
		{7215721C-2AB1-47E2-9803-335D52C52FBA}.Release|x64.ActiveCfg = Release|Any CPU
		{7215721C-2AB1-47E2-9803-335D52C52FBA}.Release|x64.Build.0 = Release|Any CPU
		{7215721C-2AB1-47E2-9803-335D52C52FBA}.Release|x86.ActiveCfg = Release|Any CPU
		{7215721C-2AB1-47E2-9803-335D52C52FBA}.Release|x86.Build.0 = Release|Any CPU
		{8F96A1BB-200D-4690-B214-63D19984E292}.Debug|Any CPU.ActiveCfg = Debug|Any CPU
		{8F96A1BB-200D-4690-B214-63D19984E292}.Debug|Any CPU.Build.0 = Debug|Any CPU
		{8F96A1BB-200D-4690-B214-63D19984E292}.Debug|x64.ActiveCfg = Debug|Any CPU
		{8F96A1BB-200D-4690-B214-63D19984E292}.Debug|x64.Build.0 = Debug|Any CPU
		{8F96A1BB-200D-4690-B214-63D19984E292}.Debug|x86.ActiveCfg = Debug|Any CPU
		{8F96A1BB-200D-4690-B214-63D19984E292}.Debug|x86.Build.0 = Debug|Any CPU
		{8F96A1BB-200D-4690-B214-63D19984E292}.Release|Any CPU.ActiveCfg = Release|Any CPU
		{8F96A1BB-200D-4690-B214-63D19984E292}.Release|Any CPU.Build.0 = Release|Any CPU
		{8F96A1BB-200D-4690-B214-63D19984E292}.Release|x64.ActiveCfg = Release|Any CPU
		{8F96A1BB-200D-4690-B214-63D19984E292}.Release|x64.Build.0 = Release|Any CPU
		{8F96A1BB-200D-4690-B214-63D19984E292}.Release|x86.ActiveCfg = Release|Any CPU
		{8F96A1BB-200D-4690-B214-63D19984E292}.Release|x86.Build.0 = Release|Any CPU
		{FA3C9A20-1E58-41A7-A198-9B919C602F7F}.Debug|Any CPU.ActiveCfg = Debug|Any CPU
		{FA3C9A20-1E58-41A7-A198-9B919C602F7F}.Debug|Any CPU.Build.0 = Debug|Any CPU
		{FA3C9A20-1E58-41A7-A198-9B919C602F7F}.Debug|x64.ActiveCfg = Debug|Any CPU
		{FA3C9A20-1E58-41A7-A198-9B919C602F7F}.Debug|x64.Build.0 = Debug|Any CPU
		{FA3C9A20-1E58-41A7-A198-9B919C602F7F}.Debug|x86.ActiveCfg = Debug|Any CPU
		{FA3C9A20-1E58-41A7-A198-9B919C602F7F}.Debug|x86.Build.0 = Debug|Any CPU
		{FA3C9A20-1E58-41A7-A198-9B919C602F7F}.Release|Any CPU.ActiveCfg = Release|Any CPU
		{FA3C9A20-1E58-41A7-A198-9B919C602F7F}.Release|Any CPU.Build.0 = Release|Any CPU
		{FA3C9A20-1E58-41A7-A198-9B919C602F7F}.Release|x64.ActiveCfg = Release|Any CPU
		{FA3C9A20-1E58-41A7-A198-9B919C602F7F}.Release|x64.Build.0 = Release|Any CPU
		{FA3C9A20-1E58-41A7-A198-9B919C602F7F}.Release|x86.ActiveCfg = Release|Any CPU
		{FA3C9A20-1E58-41A7-A198-9B919C602F7F}.Release|x86.Build.0 = Release|Any CPU
		{F6AFE4AF-B9CD-4189-8D62-7A852F1844D0}.Debug|Any CPU.ActiveCfg = Debug|Any CPU
		{F6AFE4AF-B9CD-4189-8D62-7A852F1844D0}.Debug|Any CPU.Build.0 = Debug|Any CPU
		{F6AFE4AF-B9CD-4189-8D62-7A852F1844D0}.Debug|x64.ActiveCfg = Debug|Any CPU
		{F6AFE4AF-B9CD-4189-8D62-7A852F1844D0}.Debug|x64.Build.0 = Debug|Any CPU
		{F6AFE4AF-B9CD-4189-8D62-7A852F1844D0}.Debug|x86.ActiveCfg = Debug|Any CPU
		{F6AFE4AF-B9CD-4189-8D62-7A852F1844D0}.Debug|x86.Build.0 = Debug|Any CPU
		{F6AFE4AF-B9CD-4189-8D62-7A852F1844D0}.Release|Any CPU.ActiveCfg = Release|Any CPU
		{F6AFE4AF-B9CD-4189-8D62-7A852F1844D0}.Release|Any CPU.Build.0 = Release|Any CPU
		{F6AFE4AF-B9CD-4189-8D62-7A852F1844D0}.Release|x64.ActiveCfg = Release|Any CPU
		{F6AFE4AF-B9CD-4189-8D62-7A852F1844D0}.Release|x64.Build.0 = Release|Any CPU
		{F6AFE4AF-B9CD-4189-8D62-7A852F1844D0}.Release|x86.ActiveCfg = Release|Any CPU
		{F6AFE4AF-B9CD-4189-8D62-7A852F1844D0}.Release|x86.Build.0 = Release|Any CPU
		{4D4B7F5F-A71C-4032-9A1C-AD94ADE1E3D6}.Debug|Any CPU.ActiveCfg = Debug|Any CPU
		{4D4B7F5F-A71C-4032-9A1C-AD94ADE1E3D6}.Debug|Any CPU.Build.0 = Debug|Any CPU
		{4D4B7F5F-A71C-4032-9A1C-AD94ADE1E3D6}.Debug|x64.ActiveCfg = Debug|Any CPU
		{4D4B7F5F-A71C-4032-9A1C-AD94ADE1E3D6}.Debug|x64.Build.0 = Debug|Any CPU
		{4D4B7F5F-A71C-4032-9A1C-AD94ADE1E3D6}.Debug|x86.ActiveCfg = Debug|Any CPU
		{4D4B7F5F-A71C-4032-9A1C-AD94ADE1E3D6}.Debug|x86.Build.0 = Debug|Any CPU
		{4D4B7F5F-A71C-4032-9A1C-AD94ADE1E3D6}.Release|Any CPU.ActiveCfg = Release|Any CPU
		{4D4B7F5F-A71C-4032-9A1C-AD94ADE1E3D6}.Release|Any CPU.Build.0 = Release|Any CPU
		{4D4B7F5F-A71C-4032-9A1C-AD94ADE1E3D6}.Release|x64.ActiveCfg = Release|Any CPU
		{4D4B7F5F-A71C-4032-9A1C-AD94ADE1E3D6}.Release|x64.Build.0 = Release|Any CPU
		{4D4B7F5F-A71C-4032-9A1C-AD94ADE1E3D6}.Release|x86.ActiveCfg = Release|Any CPU
		{4D4B7F5F-A71C-4032-9A1C-AD94ADE1E3D6}.Release|x86.Build.0 = Release|Any CPU
		{E06932D7-C39E-4145-9169-4D1DBE31FD34}.Debug|Any CPU.ActiveCfg = Debug|Any CPU
		{E06932D7-C39E-4145-9169-4D1DBE31FD34}.Debug|Any CPU.Build.0 = Debug|Any CPU
		{E06932D7-C39E-4145-9169-4D1DBE31FD34}.Debug|x64.ActiveCfg = Debug|Any CPU
		{E06932D7-C39E-4145-9169-4D1DBE31FD34}.Debug|x64.Build.0 = Debug|Any CPU
		{E06932D7-C39E-4145-9169-4D1DBE31FD34}.Debug|x86.ActiveCfg = Debug|Any CPU
		{E06932D7-C39E-4145-9169-4D1DBE31FD34}.Debug|x86.Build.0 = Debug|Any CPU
		{E06932D7-C39E-4145-9169-4D1DBE31FD34}.Release|Any CPU.ActiveCfg = Release|Any CPU
		{E06932D7-C39E-4145-9169-4D1DBE31FD34}.Release|Any CPU.Build.0 = Release|Any CPU
		{E06932D7-C39E-4145-9169-4D1DBE31FD34}.Release|x64.ActiveCfg = Release|Any CPU
		{E06932D7-C39E-4145-9169-4D1DBE31FD34}.Release|x64.Build.0 = Release|Any CPU
		{E06932D7-C39E-4145-9169-4D1DBE31FD34}.Release|x86.ActiveCfg = Release|Any CPU
		{E06932D7-C39E-4145-9169-4D1DBE31FD34}.Release|x86.Build.0 = Release|Any CPU
		{F6639E64-F177-4A31-AEEF-B36440685271}.Debug|Any CPU.ActiveCfg = Debug|Any CPU
		{F6639E64-F177-4A31-AEEF-B36440685271}.Debug|Any CPU.Build.0 = Debug|Any CPU
		{F6639E64-F177-4A31-AEEF-B36440685271}.Debug|x64.ActiveCfg = Debug|Any CPU
		{F6639E64-F177-4A31-AEEF-B36440685271}.Debug|x64.Build.0 = Debug|Any CPU
		{F6639E64-F177-4A31-AEEF-B36440685271}.Debug|x86.ActiveCfg = Debug|Any CPU
		{F6639E64-F177-4A31-AEEF-B36440685271}.Debug|x86.Build.0 = Debug|Any CPU
		{F6639E64-F177-4A31-AEEF-B36440685271}.Release|Any CPU.ActiveCfg = Release|Any CPU
		{F6639E64-F177-4A31-AEEF-B36440685271}.Release|Any CPU.Build.0 = Release|Any CPU
		{F6639E64-F177-4A31-AEEF-B36440685271}.Release|x64.ActiveCfg = Release|Any CPU
		{F6639E64-F177-4A31-AEEF-B36440685271}.Release|x64.Build.0 = Release|Any CPU
		{F6639E64-F177-4A31-AEEF-B36440685271}.Release|x86.ActiveCfg = Release|Any CPU
		{F6639E64-F177-4A31-AEEF-B36440685271}.Release|x86.Build.0 = Release|Any CPU
	EndGlobalSection
EndGlobal
