
Microsoft Visual Studio Solution File, Format Version 12.00
# Visual Studio Version 16
VisualStudioVersion = 16.0.29411.108
MinimumVisualStudioVersion = 10.0.40219.1
Project("{9A19103F-16F7-4668-BE54-9A1E7A4F7556}") = "Penguin.Cms.Communication", "Penguin.Cms.Communication.csproj", "{1D9C582D-82E8-4BB9-B687-258D8103922F}"
EndProject
Global
	GlobalSection(SolutionConfigurationPlatforms) = preSolution
		Debug|Any CPU = Debug|Any CPU
		Release|Any CPU = Release|Any CPU
	EndGlobalSection
	GlobalSection(ProjectConfigurationPlatforms) = postSolution
		{1D9C582D-82E8-4BB9-B687-258D8103922F}.Debug|Any CPU.ActiveCfg = Debug|Any CPU
		{1D9C582D-82E8-4BB9-B687-258D8103922F}.Debug|Any CPU.Build.0 = Debug|Any CPU
		{1D9C582D-82E8-4BB9-B687-258D8103922F}.Release|Any CPU.ActiveCfg = Release|Any CPU
		{1D9C582D-82E8-4BB9-B687-258D8103922F}.Release|Any CPU.Build.0 = Release|Any CPU
	EndGlobalSection
	GlobalSection(SolutionProperties) = preSolution
		HideSolutionNode = FALSE
	EndGlobalSection
	GlobalSection(ExtensibilityGlobals) = postSolution
		SolutionGuid = {4A9478D8-B3ED-4786-98D7-BA2647A345BD}
	EndGlobalSection
EndGlobal
